
Microsoft Visual Studio Solution File, Format Version 12.00
# Visual Studio Version 17
VisualStudioVersion = 17.6.33723.286
MinimumVisualStudioVersion = 10.0.40219.1
Project("{FAE04EC0-301F-11D3-BF4B-00C04F79EFBC}") = "myvnc_client", "myvnc_client.csproj", "{2A530C27-0296-44E3-A608-6CA57DA20364}"
EndProject
Global
	GlobalSection(SolutionConfigurationPlatforms) = preSolution
		Debug|Any CPU = Debug|Any CPU
		Release|Any CPU = Release|Any CPU
	EndGlobalSection
	GlobalSection(ProjectConfigurationPlatforms) = postSolution
		{2A530C27-0296-44E3-A608-6CA57DA20364}.Debug|Any CPU.ActiveCfg = Debug|Any CPU
		{2A530C27-0296-44E3-A608-6CA57DA20364}.Debug|Any CPU.Build.0 = Debug|Any CPU
		{2A530C27-0296-44E3-A608-6CA57DA20364}.Release|Any CPU.ActiveCfg = Release|Any CPU
		{2A530C27-0296-44E3-A608-6CA57DA20364}.Release|Any CPU.Build.0 = Release|Any CPU
	EndGlobalSection
	GlobalSection(SolutionProperties) = preSolution
		HideSolutionNode = FALSE
	EndGlobalSection
	GlobalSection(ExtensibilityGlobals) = postSolution
		SolutionGuid = {9DA350DE-16D1-4A24-8038-69A63D0F3DE0}
	EndGlobalSection
EndGlobal
